// !$*UTF8*$!
{
	archiveVersion = 1;
	classes = {
	};
	objectVersion = 48;
	objects = {

/* Begin PBXBuildFile section */
		5839EE101FC7C4310050DA5D /* AppDelegate.m in Sources */ = {isa = PBXBuildFile; fileRef = 5839EE0F1FC7C4310050DA5D /* AppDelegate.m */; };
		5839EE131FC7C4310050DA5D /* ViewController.m in Sources */ = {isa = PBXBuildFile; fileRef = 5839EE121FC7C4310050DA5D /* ViewController.m */; };
		5839EE161FC7C4310050DA5D /* Main.storyboard in Resources */ = {isa = PBXBuildFile; fileRef = 5839EE141FC7C4310050DA5D /* Main.storyboard */; };
		5839EE181FC7C4320050DA5D /* Assets.xcassets in Resources */ = {isa = PBXBuildFile; fileRef = 5839EE171FC7C4320050DA5D /* Assets.xcassets */; };
		5839EE1B1FC7C4320050DA5D /* LaunchScreen.storyboard in Resources */ = {isa = PBXBuildFile; fileRef = 5839EE191FC7C4320050DA5D /* LaunchScreen.storyboard */; };
		5839EE1E1FC7C4320050DA5D /* main.m in Sources */ = {isa = PBXBuildFile; fileRef = 5839EE1D1FC7C4320050DA5D /* main.m */; };
		5839EE2C1FC7C7D60050DA5D /* SZColorHex.h in Headers */ = {isa = PBXBuildFile; fileRef = 5839EE2A1FC7C7D60050DA5D /* SZColorHex.h */; settings = {ATTRIBUTES = (Public, ); }; };
		5839EE2F1FC7C7D60050DA5D /* SZColorHex.framework in Frameworks */ = {isa = PBXBuildFile; fileRef = 5839EE281FC7C7D60050DA5D /* SZColorHex.framework */; };
		5839EE301FC7C7D60050DA5D /* SZColorHex.framework in Embed Frameworks */ = {isa = PBXBuildFile; fileRef = 5839EE281FC7C7D60050DA5D /* SZColorHex.framework */; settings = {ATTRIBUTES = (CodeSignOnCopy, RemoveHeadersOnCopy, ); }; };
		5839EE371FC7C8980050DA5D /* UIColor+SZColorHex.h in Headers */ = {isa = PBXBuildFile; fileRef = 5839EE351FC7C8980050DA5D /* UIColor+SZColorHex.h */; settings = {ATTRIBUTES = (Public, ); }; };
		5839EE381FC7C8980050DA5D /* UIColor+SZColorHex.m in Sources */ = {isa = PBXBuildFile; fileRef = 5839EE361FC7C8980050DA5D /* UIColor+SZColorHex.m */; };
		E43244FD1FCABD420038E63A /* SZColorHexTests.m in Sources */ = {isa = PBXBuildFile; fileRef = E43244FC1FCABD420038E63A /* SZColorHexTests.m */; };
		E43244FF1FCABD420038E63A /* SZColorHex.framework in Frameworks */ = {isa = PBXBuildFile; fileRef = 5839EE281FC7C7D60050DA5D /* SZColorHex.framework */; };
/* End PBXBuildFile section */

/* Begin PBXContainerItemProxy section */
		5839EE2D1FC7C7D60050DA5D /* PBXContainerItemProxy */ = {
			isa = PBXContainerItemProxy;
			containerPortal = 5839EDE61FC7C1E20050DA5D /* Project object */;
			proxyType = 1;
			remoteGlobalIDString = 5839EE271FC7C7D60050DA5D;
			remoteInfo = SZColorHex;
		};
		E43245001FCABD420038E63A /* PBXContainerItemProxy */ = {
			isa = PBXContainerItemProxy;
			containerPortal = 5839EDE61FC7C1E20050DA5D /* Project object */;
			proxyType = 1;
			remoteGlobalIDString = 5839EE271FC7C7D60050DA5D;
			remoteInfo = SZColorHex;
		};
/* End PBXContainerItemProxy section */

/* Begin PBXCopyFilesBuildPhase section */
		5839EE341FC7C7D60050DA5D /* Embed Frameworks */ = {
			isa = PBXCopyFilesBuildPhase;
			buildActionMask = 2147483647;
			dstPath = "";
			dstSubfolderSpec = 10;
			files = (
				5839EE301FC7C7D60050DA5D /* SZColorHex.framework in Embed Frameworks */,
			);
			name = "Embed Frameworks";
			runOnlyForDeploymentPostprocessing = 0;
		};
/* End PBXCopyFilesBuildPhase section */

/* Begin PBXFileReference section */
		5839EE0C1FC7C4310050DA5D /* SZColorHexDemo.app */ = {isa = PBXFileReference; explicitFileType = wrapper.application; includeInIndex = 0; path = SZColorHexDemo.app; sourceTree = BUILT_PRODUCTS_DIR; };
		5839EE0E1FC7C4310050DA5D /* AppDelegate.h */ = {isa = PBXFileReference; lastKnownFileType = sourcecode.c.h; path = AppDelegate.h; sourceTree = "<group>"; };
		5839EE0F1FC7C4310050DA5D /* AppDelegate.m */ = {isa = PBXFileReference; lastKnownFileType = sourcecode.c.objc; path = AppDelegate.m; sourceTree = "<group>"; };
		5839EE111FC7C4310050DA5D /* ViewController.h */ = {isa = PBXFileReference; lastKnownFileType = sourcecode.c.h; path = ViewController.h; sourceTree = "<group>"; };
		5839EE121FC7C4310050DA5D /* ViewController.m */ = {isa = PBXFileReference; lastKnownFileType = sourcecode.c.objc; path = ViewController.m; sourceTree = "<group>"; };
		5839EE151FC7C4310050DA5D /* Base */ = {isa = PBXFileReference; lastKnownFileType = file.storyboard; name = Base; path = Base.lproj/Main.storyboard; sourceTree = "<group>"; };
		5839EE171FC7C4320050DA5D /* Assets.xcassets */ = {isa = PBXFileReference; lastKnownFileType = folder.assetcatalog; path = Assets.xcassets; sourceTree = "<group>"; };
		5839EE1A1FC7C4320050DA5D /* Base */ = {isa = PBXFileReference; lastKnownFileType = file.storyboard; name = Base; path = Base.lproj/LaunchScreen.storyboard; sourceTree = "<group>"; };
		5839EE1C1FC7C4320050DA5D /* Info.plist */ = {isa = PBXFileReference; lastKnownFileType = text.plist.xml; path = Info.plist; sourceTree = "<group>"; };
		5839EE1D1FC7C4320050DA5D /* main.m */ = {isa = PBXFileReference; lastKnownFileType = sourcecode.c.objc; path = main.m; sourceTree = "<group>"; };
		5839EE281FC7C7D60050DA5D /* SZColorHex.framework */ = {isa = PBXFileReference; explicitFileType = wrapper.framework; includeInIndex = 0; path = SZColorHex.framework; sourceTree = BUILT_PRODUCTS_DIR; };
		5839EE2A1FC7C7D60050DA5D /* SZColorHex.h */ = {isa = PBXFileReference; lastKnownFileType = sourcecode.c.h; path = SZColorHex.h; sourceTree = "<group>"; };
		5839EE2B1FC7C7D60050DA5D /* Info.plist */ = {isa = PBXFileReference; lastKnownFileType = text.plist.xml; path = Info.plist; sourceTree = "<group>"; };
		5839EE351FC7C8980050DA5D /* UIColor+SZColorHex.h */ = {isa = PBXFileReference; lastKnownFileType = sourcecode.c.h; path = "UIColor+SZColorHex.h"; sourceTree = "<group>"; };
		5839EE361FC7C8980050DA5D /* UIColor+SZColorHex.m */ = {isa = PBXFileReference; lastKnownFileType = sourcecode.c.objc; path = "UIColor+SZColorHex.m"; sourceTree = "<group>"; };
		E43244FA1FCABD420038E63A /* SZColorHexTests.xctest */ = {isa = PBXFileReference; explicitFileType = wrapper.cfbundle; includeInIndex = 0; path = SZColorHexTests.xctest; sourceTree = BUILT_PRODUCTS_DIR; };
		E43244FC1FCABD420038E63A /* SZColorHexTests.m */ = {isa = PBXFileReference; lastKnownFileType = sourcecode.c.objc; path = SZColorHexTests.m; sourceTree = "<group>"; };
		E43244FE1FCABD420038E63A /* Info.plist */ = {isa = PBXFileReference; lastKnownFileType = text.plist.xml; path = Info.plist; sourceTree = "<group>"; };
/* End PBXFileReference section */

/* Begin PBXFrameworksBuildPhase section */
		5839EE091FC7C4310050DA5D /* Frameworks */ = {
			isa = PBXFrameworksBuildPhase;
			buildActionMask = 2147483647;
			files = (
				5839EE2F1FC7C7D60050DA5D /* SZColorHex.framework in Frameworks */,
			);
			runOnlyForDeploymentPostprocessing = 0;
		};
		5839EE241FC7C7D60050DA5D /* Frameworks */ = {
			isa = PBXFrameworksBuildPhase;
			buildActionMask = 2147483647;
			files = (
			);
			runOnlyForDeploymentPostprocessing = 0;
		};
		E43244F71FCABD420038E63A /* Frameworks */ = {
			isa = PBXFrameworksBuildPhase;
			buildActionMask = 2147483647;
			files = (
				E43244FF1FCABD420038E63A /* SZColorHex.framework in Frameworks */,
			);
			runOnlyForDeploymentPostprocessing = 0;
		};
/* End PBXFrameworksBuildPhase section */

/* Begin PBXGroup section */
		5839EDE51FC7C1E20050DA5D = {
			isa = PBXGroup;
			children = (
				5839EE0D1FC7C4310050DA5D /* SZColorHexDemo */,
				5839EE291FC7C7D60050DA5D /* SZColorHex */,
				E43244FB1FCABD420038E63A /* SZColorHexTests */,
				5839EDEF1FC7C1E20050DA5D /* Products */,
			);
			sourceTree = "<group>";
		};
		5839EDEF1FC7C1E20050DA5D /* Products */ = {
			isa = PBXGroup;
			children = (
				5839EE0C1FC7C4310050DA5D /* SZColorHexDemo.app */,
				5839EE281FC7C7D60050DA5D /* SZColorHex.framework */,
				E43244FA1FCABD420038E63A /* SZColorHexTests.xctest */,
			);
			name = Products;
			sourceTree = "<group>";
		};
		5839EE0D1FC7C4310050DA5D /* SZColorHexDemo */ = {
			isa = PBXGroup;
			children = (
				5839EE0E1FC7C4310050DA5D /* AppDelegate.h */,
				5839EE0F1FC7C4310050DA5D /* AppDelegate.m */,
				5839EE111FC7C4310050DA5D /* ViewController.h */,
				5839EE121FC7C4310050DA5D /* ViewController.m */,
				5839EE221FC7C4600050DA5D /* Supporting Files */,
			);
			path = SZColorHexDemo;
			sourceTree = "<group>";
		};
		5839EE221FC7C4600050DA5D /* Supporting Files */ = {
			isa = PBXGroup;
			children = (
				5839EE141FC7C4310050DA5D /* Main.storyboard */,
				5839EE171FC7C4320050DA5D /* Assets.xcassets */,
				5839EE191FC7C4320050DA5D /* LaunchScreen.storyboard */,
				5839EE1C1FC7C4320050DA5D /* Info.plist */,
				5839EE1D1FC7C4320050DA5D /* main.m */,
			);
			path = "Supporting Files";
			sourceTree = "<group>";
		};
		5839EE291FC7C7D60050DA5D /* SZColorHex */ = {
			isa = PBXGroup;
			children = (
				5839EE2A1FC7C7D60050DA5D /* SZColorHex.h */,
				5839EE351FC7C8980050DA5D /* UIColor+SZColorHex.h */,
				5839EE361FC7C8980050DA5D /* UIColor+SZColorHex.m */,
				5839EE2B1FC7C7D60050DA5D /* Info.plist */,
			);
			path = SZColorHex;
			sourceTree = "<group>";
		};
		E43244FB1FCABD420038E63A /* SZColorHexTests */ = {
			isa = PBXGroup;
			children = (
				E43244FC1FCABD420038E63A /* SZColorHexTests.m */,
				E43244FE1FCABD420038E63A /* Info.plist */,
			);
			path = SZColorHexTests;
			sourceTree = "<group>";
		};
/* End PBXGroup section */

/* Begin PBXHeadersBuildPhase section */
		5839EE251FC7C7D60050DA5D /* Headers */ = {
			isa = PBXHeadersBuildPhase;
			buildActionMask = 2147483647;
			files = (
				5839EE2C1FC7C7D60050DA5D /* SZColorHex.h in Headers */,
				5839EE371FC7C8980050DA5D /* UIColor+SZColorHex.h in Headers */,
			);
			runOnlyForDeploymentPostprocessing = 0;
		};
/* End PBXHeadersBuildPhase section */

/* Begin PBXNativeTarget section */
		5839EE0B1FC7C4310050DA5D /* SZColorHexDemo */ = {
			isa = PBXNativeTarget;
			buildConfigurationList = 5839EE1F1FC7C4320050DA5D /* Build configuration list for PBXNativeTarget "SZColorHexDemo" */;
			buildPhases = (
				5839EE081FC7C4310050DA5D /* Sources */,
				5839EE091FC7C4310050DA5D /* Frameworks */,
				5839EE0A1FC7C4310050DA5D /* Resources */,
				5839EE341FC7C7D60050DA5D /* Embed Frameworks */,
			);
			buildRules = (
			);
			dependencies = (
				5839EE2E1FC7C7D60050DA5D /* PBXTargetDependency */,
			);
			name = SZColorHexDemo;
			productName = SZColorHexDemo;
			productReference = 5839EE0C1FC7C4310050DA5D /* SZColorHexDemo.app */;
			productType = "com.apple.product-type.application";
		};
		5839EE271FC7C7D60050DA5D /* SZColorHex */ = {
			isa = PBXNativeTarget;
			buildConfigurationList = 5839EE311FC7C7D60050DA5D /* Build configuration list for PBXNativeTarget "SZColorHex" */;
			buildPhases = (
				5839EE231FC7C7D60050DA5D /* Sources */,
				5839EE241FC7C7D60050DA5D /* Frameworks */,
				5839EE251FC7C7D60050DA5D /* Headers */,
				5839EE261FC7C7D60050DA5D /* Resources */,
			);
			buildRules = (
			);
			dependencies = (
			);
			name = SZColorHex;
			productName = SZColorHex;
			productReference = 5839EE281FC7C7D60050DA5D /* SZColorHex.framework */;
			productType = "com.apple.product-type.framework";
		};
		E43244F91FCABD420038E63A /* SZColorHexTests */ = {
			isa = PBXNativeTarget;
			buildConfigurationList = E43245041FCABD420038E63A /* Build configuration list for PBXNativeTarget "SZColorHexTests" */;
			buildPhases = (
				E43244F61FCABD420038E63A /* Sources */,
				E43244F71FCABD420038E63A /* Frameworks */,
				E43244F81FCABD420038E63A /* Resources */,
			);
			buildRules = (
			);
			dependencies = (
				E43245011FCABD420038E63A /* PBXTargetDependency */,
			);
			name = SZColorHexTests;
			productName = SZColorHexTests;
			productReference = E43244FA1FCABD420038E63A /* SZColorHexTests.xctest */;
			productType = "com.apple.product-type.bundle.unit-test";
		};
/* End PBXNativeTarget section */

/* Begin PBXProject section */
		5839EDE61FC7C1E20050DA5D /* Project object */ = {
			isa = PBXProject;
			attributes = {
				LastUpgradeCheck = 0910;
				ORGANIZATIONNAME = "Song Zhou";
				TargetAttributes = {
					5839EE0B1FC7C4310050DA5D = {
						CreatedOnToolsVersion = 9.1;
						ProvisioningStyle = Automatic;
					};
					5839EE271FC7C7D60050DA5D = {
						CreatedOnToolsVersion = 9.1;
						ProvisioningStyle = Automatic;
					};
					E43244F91FCABD420038E63A = {
						CreatedOnToolsVersion = 9.1;
						ProvisioningStyle = Automatic;
					};
				};
			};
			buildConfigurationList = 5839EDE91FC7C1E20050DA5D /* Build configuration list for PBXProject "SZColorHex" */;
			compatibilityVersion = "Xcode 8.0";
			developmentRegion = en;
			hasScannedForEncodings = 0;
			knownRegions = (
				en,
				Base,
			);
			mainGroup = 5839EDE51FC7C1E20050DA5D;
			productRefGroup = 5839EDEF1FC7C1E20050DA5D /* Products */;
			projectDirPath = "";
			projectRoot = "";
			targets = (
				5839EE0B1FC7C4310050DA5D /* SZColorHexDemo */,
				5839EE271FC7C7D60050DA5D /* SZColorHex */,
				E43244F91FCABD420038E63A /* SZColorHexTests */,
			);
		};
/* End PBXProject section */

/* Begin PBXResourcesBuildPhase section */
		5839EE0A1FC7C4310050DA5D /* Resources */ = {
			isa = PBXResourcesBuildPhase;
			buildActionMask = 2147483647;
			files = (
				5839EE1B1FC7C4320050DA5D /* LaunchScreen.storyboard in Resources */,
				5839EE181FC7C4320050DA5D /* Assets.xcassets in Resources */,
				5839EE161FC7C4310050DA5D /* Main.storyboard in Resources */,
			);
			runOnlyForDeploymentPostprocessing = 0;
		};
		5839EE261FC7C7D60050DA5D /* Resources */ = {
			isa = PBXResourcesBuildPhase;
			buildActionMask = 2147483647;
			files = (
			);
			runOnlyForDeploymentPostprocessing = 0;
		};
		E43244F81FCABD420038E63A /* Resources */ = {
			isa = PBXResourcesBuildPhase;
			buildActionMask = 2147483647;
			files = (
			);
			runOnlyForDeploymentPostprocessing = 0;
		};
/* End PBXResourcesBuildPhase section */

/* Begin PBXSourcesBuildPhase section */
		5839EE081FC7C4310050DA5D /* Sources */ = {
			isa = PBXSourcesBuildPhase;
			buildActionMask = 2147483647;
			files = (
				5839EE131FC7C4310050DA5D /* ViewController.m in Sources */,
				5839EE1E1FC7C4320050DA5D /* main.m in Sources */,
				5839EE101FC7C4310050DA5D /* AppDelegate.m in Sources */,
			);
			runOnlyForDeploymentPostprocessing = 0;
		};
		5839EE231FC7C7D60050DA5D /* Sources */ = {
			isa = PBXSourcesBuildPhase;
			buildActionMask = 2147483647;
			files = (
				5839EE381FC7C8980050DA5D /* UIColor+SZColorHex.m in Sources */,
			);
			runOnlyForDeploymentPostprocessing = 0;
		};
		E43244F61FCABD420038E63A /* Sources */ = {
			isa = PBXSourcesBuildPhase;
			buildActionMask = 2147483647;
			files = (
				E43244FD1FCABD420038E63A /* SZColorHexTests.m in Sources */,
			);
			runOnlyForDeploymentPostprocessing = 0;
		};
/* End PBXSourcesBuildPhase section */

/* Begin PBXTargetDependency section */
		5839EE2E1FC7C7D60050DA5D /* PBXTargetDependency */ = {
			isa = PBXTargetDependency;
			target = 5839EE271FC7C7D60050DA5D /* SZColorHex */;
			targetProxy = 5839EE2D1FC7C7D60050DA5D /* PBXContainerItemProxy */;
		};
		E43245011FCABD420038E63A /* PBXTargetDependency */ = {
			isa = PBXTargetDependency;
			target = 5839EE271FC7C7D60050DA5D /* SZColorHex */;
			targetProxy = E43245001FCABD420038E63A /* PBXContainerItemProxy */;
		};
/* End PBXTargetDependency section */

/* Begin PBXVariantGroup section */
		5839EE141FC7C4310050DA5D /* Main.storyboard */ = {
			isa = PBXVariantGroup;
			children = (
				5839EE151FC7C4310050DA5D /* Base */,
			);
			name = Main.storyboard;
			sourceTree = "<group>";
		};
		5839EE191FC7C4320050DA5D /* LaunchScreen.storyboard */ = {
			isa = PBXVariantGroup;
			children = (
				5839EE1A1FC7C4320050DA5D /* Base */,
			);
			name = LaunchScreen.storyboard;
			sourceTree = "<group>";
		};
/* End PBXVariantGroup section */

/* Begin XCBuildConfiguration section */
		5839EE021FC7C1E20050DA5D /* Debug */ = {
			isa = XCBuildConfiguration;
			buildSettings = {
				ALWAYS_SEARCH_USER_PATHS = NO;
				CLANG_ANALYZER_NONNULL = YES;
				CLANG_ANALYZER_NUMBER_OBJECT_CONVERSION = YES_AGGRESSIVE;
				CLANG_CXX_LANGUAGE_STANDARD = "gnu++14";
				CLANG_CXX_LIBRARY = "libc++";
				CLANG_ENABLE_MODULES = YES;
				CLANG_ENABLE_OBJC_ARC = YES;
				CLANG_WARN_BLOCK_CAPTURE_AUTORELEASING = YES;
				CLANG_WARN_BOOL_CONVERSION = YES;
				CLANG_WARN_COMMA = YES;
				CLANG_WARN_CONSTANT_CONVERSION = YES;
				CLANG_WARN_DIRECT_OBJC_ISA_USAGE = YES_ERROR;
				CLANG_WARN_DOCUMENTATION_COMMENTS = YES;
				CLANG_WARN_EMPTY_BODY = YES;
				CLANG_WARN_ENUM_CONVERSION = YES;
				CLANG_WARN_INFINITE_RECURSION = YES;
				CLANG_WARN_INT_CONVERSION = YES;
				CLANG_WARN_NON_LITERAL_NULL_CONVERSION = YES;
				CLANG_WARN_OBJC_LITERAL_CONVERSION = YES;
				CLANG_WARN_OBJC_ROOT_CLASS = YES_ERROR;
				CLANG_WARN_RANGE_LOOP_ANALYSIS = YES;
				CLANG_WARN_STRICT_PROTOTYPES = YES;
				CLANG_WARN_SUSPICIOUS_MOVE = YES;
				CLANG_WARN_UNGUARDED_AVAILABILITY = YES_AGGRESSIVE;
				CLANG_WARN_UNREACHABLE_CODE = YES;
				CLANG_WARN__DUPLICATE_METHOD_MATCH = YES;
				CODE_SIGN_IDENTITY = "iPhone Developer";
				COPY_PHASE_STRIP = NO;
				DEBUG_INFORMATION_FORMAT = dwarf;
				ENABLE_STRICT_OBJC_MSGSEND = YES;
				ENABLE_TESTABILITY = YES;
				GCC_C_LANGUAGE_STANDARD = gnu11;
				GCC_DYNAMIC_NO_PIC = NO;
				GCC_NO_COMMON_BLOCKS = YES;
				GCC_OPTIMIZATION_LEVEL = 0;
				GCC_PREPROCESSOR_DEFINITIONS = (
					"DEBUG=1",
					"$(inherited)",
				);
				GCC_WARN_64_TO_32_BIT_CONVERSION = YES;
				GCC_WARN_ABOUT_RETURN_TYPE = YES_ERROR;
				GCC_WARN_UNDECLARED_SELECTOR = YES;
				GCC_WARN_UNINITIALIZED_AUTOS = YES_AGGRESSIVE;
				GCC_WARN_UNUSED_FUNCTION = YES;
				GCC_WARN_UNUSED_VARIABLE = YES;
				IPHONEOS_DEPLOYMENT_TARGET = 11.1;
				MTL_ENABLE_DEBUG_INFO = YES;
				ONLY_ACTIVE_ARCH = YES;
				SDKROOT = iphoneos;
			};
			name = Debug;
		};
		5839EE031FC7C1E20050DA5D /* Release */ = {
			isa = XCBuildConfiguration;
			buildSettings = {
				ALWAYS_SEARCH_USER_PATHS = NO;
				CLANG_ANALYZER_NONNULL = YES;
				CLANG_ANALYZER_NUMBER_OBJECT_CONVERSION = YES_AGGRESSIVE;
				CLANG_CXX_LANGUAGE_STANDARD = "gnu++14";
				CLANG_CXX_LIBRARY = "libc++";
				CLANG_ENABLE_MODULES = YES;
				CLANG_ENABLE_OBJC_ARC = YES;
				CLANG_WARN_BLOCK_CAPTURE_AUTORELEASING = YES;
				CLANG_WARN_BOOL_CONVERSION = YES;
				CLANG_WARN_COMMA = YES;
				CLANG_WARN_CONSTANT_CONVERSION = YES;
				CLANG_WARN_DIRECT_OBJC_ISA_USAGE = YES_ERROR;
				CLANG_WARN_DOCUMENTATION_COMMENTS = YES;
				CLANG_WARN_EMPTY_BODY = YES;
				CLANG_WARN_ENUM_CONVERSION = YES;
				CLANG_WARN_INFINITE_RECURSION = YES;
				CLANG_WARN_INT_CONVERSION = YES;
				CLANG_WARN_NON_LITERAL_NULL_CONVERSION = YES;
				CLANG_WARN_OBJC_LITERAL_CONVERSION = YES;
				CLANG_WARN_OBJC_ROOT_CLASS = YES_ERROR;
				CLANG_WARN_RANGE_LOOP_ANALYSIS = YES;
				CLANG_WARN_STRICT_PROTOTYPES = YES;
				CLANG_WARN_SUSPICIOUS_MOVE = YES;
				CLANG_WARN_UNGUARDED_AVAILABILITY = YES_AGGRESSIVE;
				CLANG_WARN_UNREACHABLE_CODE = YES;
				CLANG_WARN__DUPLICATE_METHOD_MATCH = YES;
				CODE_SIGN_IDENTITY = "iPhone Developer";
				COPY_PHASE_STRIP = NO;
				DEBUG_INFORMATION_FORMAT = "dwarf-with-dsym";
				ENABLE_NS_ASSERTIONS = NO;
				ENABLE_STRICT_OBJC_MSGSEND = YES;
				GCC_C_LANGUAGE_STANDARD = gnu11;
				GCC_NO_COMMON_BLOCKS = YES;
				GCC_WARN_64_TO_32_BIT_CONVERSION = YES;
				GCC_WARN_ABOUT_RETURN_TYPE = YES_ERROR;
				GCC_WARN_UNDECLARED_SELECTOR = YES;
				GCC_WARN_UNINITIALIZED_AUTOS = YES_AGGRESSIVE;
				GCC_WARN_UNUSED_FUNCTION = YES;
				GCC_WARN_UNUSED_VARIABLE = YES;
				IPHONEOS_DEPLOYMENT_TARGET = 11.1;
				MTL_ENABLE_DEBUG_INFO = NO;
				SDKROOT = iphoneos;
				VALIDATE_PRODUCT = YES;
			};
			name = Release;
		};
		5839EE201FC7C4320050DA5D /* Debug */ = {
			isa = XCBuildConfiguration;
			buildSettings = {
				ASSETCATALOG_COMPILER_APPICON_NAME = AppIcon;
				CODE_SIGN_STYLE = Automatic;
				DEVELOPMENT_TEAM = 2484Z5XMVT;
				INFOPLIST_FILE = "$(SRCROOT)/SZColorHexDemo/Supporting Files/Info.plist";
				LD_RUNPATH_SEARCH_PATHS = "$(inherited) @executable_path/Frameworks";
				PRODUCT_BUNDLE_IDENTIFIER = me.songzhou.SZColorHexDemo;
				PRODUCT_NAME = "$(TARGET_NAME)";
				TARGETED_DEVICE_FAMILY = "1,2";
			};
			name = Debug;
		};
		5839EE211FC7C4320050DA5D /* Release */ = {
			isa = XCBuildConfiguration;
			buildSettings = {
				ASSETCATALOG_COMPILER_APPICON_NAME = AppIcon;
				CODE_SIGN_STYLE = Automatic;
				DEVELOPMENT_TEAM = 2484Z5XMVT;
				INFOPLIST_FILE = "$(SRCROOT)/SZColorHexDemo/Supporting Files/Info.plist";
				LD_RUNPATH_SEARCH_PATHS = "$(inherited) @executable_path/Frameworks";
				PRODUCT_BUNDLE_IDENTIFIER = me.songzhou.SZColorHexDemo;
				PRODUCT_NAME = "$(TARGET_NAME)";
				TARGETED_DEVICE_FAMILY = "1,2";
			};
			name = Release;
		};
		5839EE321FC7C7D60050DA5D /* Debug */ = {
			isa = XCBuildConfiguration;
			buildSettings = {
				CODE_SIGN_IDENTITY = "";
				CODE_SIGN_STYLE = Automatic;
				CURRENT_PROJECT_VERSION = 1;
				DEFINES_MODULE = YES;
				DEVELOPMENT_TEAM = 2484Z5XMVT;
				DYLIB_COMPATIBILITY_VERSION = 1;
				DYLIB_CURRENT_VERSION = 1;
				DYLIB_INSTALL_NAME_BASE = "@rpath";
				INFOPLIST_FILE = SZColorHex/Info.plist;
				INSTALL_PATH = "$(LOCAL_LIBRARY_DIR)/Frameworks";
				LD_RUNPATH_SEARCH_PATHS = "$(inherited) @executable_path/Frameworks @loader_path/Frameworks";
				PRODUCT_BUNDLE_IDENTIFIER = me.songzhou.SZColorHex;
				PRODUCT_NAME = "$(TARGET_NAME:c99extidentifier)";
				SKIP_INSTALL = YES;
				TARGETED_DEVICE_FAMILY = "1,2";
				VERSIONING_SYSTEM = "apple-generic";
				VERSION_INFO_PREFIX = "";
			};
			name = Debug;
		};
		5839EE331FC7C7D60050DA5D /* Release */ = {
			isa = XCBuildConfiguration;
			buildSettings = {
				CODE_SIGN_IDENTITY = "";
				CODE_SIGN_STYLE = Automatic;
				CURRENT_PROJECT_VERSION = 1;
				DEFINES_MODULE = YES;
				DEVELOPMENT_TEAM = 2484Z5XMVT;
				DYLIB_COMPATIBILITY_VERSION = 1;
				DYLIB_CURRENT_VERSION = 1;
				DYLIB_INSTALL_NAME_BASE = "@rpath";
				INFOPLIST_FILE = SZColorHex/Info.plist;
				INSTALL_PATH = "$(LOCAL_LIBRARY_DIR)/Frameworks";
				LD_RUNPATH_SEARCH_PATHS = "$(inherited) @executable_path/Frameworks @loader_path/Frameworks";
				PRODUCT_BUNDLE_IDENTIFIER = me.songzhou.SZColorHex;
				PRODUCT_NAME = "$(TARGET_NAME:c99extidentifier)";
				SKIP_INSTALL = YES;
				TARGETED_DEVICE_FAMILY = "1,2";
				VERSIONING_SYSTEM = "apple-generic";
				VERSION_INFO_PREFIX = "";
			};
			name = Release;
		};
		E43245021FCABD420038E63A /* Debug */ = {
			isa = XCBuildConfiguration;
			buildSettings = {
				CODE_SIGN_STYLE = Automatic;
				DEVELOPMENT_TEAM = 2484Z5XMVT;
				INFOPLIST_FILE = SZColorHexTests/Info.plist;
				LD_RUNPATH_SEARCH_PATHS = "$(inherited) @executable_path/Frameworks @loader_path/Frameworks";
				PRODUCT_BUNDLE_IDENTIFIER = me.songzhou.SZColorHexTests;
				PRODUCT_NAME = "$(TARGET_NAME)";
				TARGETED_DEVICE_FAMILY = "1,2";
			};
			name = Debug;
		};
		E43245031FCABD420038E63A /* Release */ = {
			isa = XCBuildConfiguration;
			buildSettings = {
				CODE_SIGN_STYLE = Automatic;
				DEVELOPMENT_TEAM = 2484Z5XMVT;
				INFOPLIST_FILE = SZColorHexTests/Info.plist;
				LD_RUNPATH_SEARCH_PATHS = "$(inherited) @executable_path/Frameworks @loader_path/Frameworks";
				PRODUCT_BUNDLE_IDENTIFIER = me.songzhou.SZColorHexTests;
				PRODUCT_NAME = "$(TARGET_NAME)";
				TARGETED_DEVICE_FAMILY = "1,2";
			};
			name = Release;
		};
/* End XCBuildConfiguration section */

/* Begin XCConfigurationList section */
		5839EDE91FC7C1E20050DA5D /* Build configuration list for PBXProject "SZColorHex" */ = {
			isa = XCConfigurationList;
			buildConfigurations = (
				5839EE021FC7C1E20050DA5D /* Debug */,
				5839EE031FC7C1E20050DA5D /* Release */,
			);
			defaultConfigurationIsVisible = 0;
			defaultConfigurationName = Release;
		};
		5839EE1F1FC7C4320050DA5D /* Build configuration list for PBXNativeTarget "SZColorHexDemo" */ = {
			isa = XCConfigurationList;
			buildConfigurations = (
				5839EE201FC7C4320050DA5D /* Debug */,
				5839EE211FC7C4320050DA5D /* Release */,
			);
			defaultConfigurationIsVisible = 0;
			defaultConfigurationName = Release;
		};
		5839EE311FC7C7D60050DA5D /* Build configuration list for PBXNativeTarget "SZColorHex" */ = {
			isa = XCConfigurationList;
			buildConfigurations = (
				5839EE321FC7C7D60050DA5D /* Debug */,
				5839EE331FC7C7D60050DA5D /* Release */,
			);
			defaultConfigurationIsVisible = 0;
			defaultConfigurationName = Release;
		};
		E43245041FCABD420038E63A /* Build configuration list for PBXNativeTarget "SZColorHexTests" */ = {
			isa = XCConfigurationList;
			buildConfigurations = (
				E43245021FCABD420038E63A /* Debug */,
				E43245031FCABD420038E63A /* Release */,
			);
			defaultConfigurationIsVisible = 0;
			defaultConfigurationName = Release;
		};
/* End XCConfigurationList section */
	};
	rootObject = 5839EDE61FC7C1E20050DA5D /* Project object */;
}
